Microsoft Visual Studio Solution File, Format Version 12.00
# Visual Studio Version 17
VisualStudioVersion = 17.5.2.0
MinimumVisualStudioVersion = 10.0.40219.1
Project("{FAE04EC0-301F-11D3-BF4B-00C04F79EFBC}") = "Task-1(Game)", "Task-1(Game).csproj", "{4C31A71A-4A38-4345-600A-74C7735644BD}"
EndProject
Global
	GlobalSection(SolutionConfigurationPlatforms) = preSolution
		Debug|Any CPU = Debug|Any CPU
		Release|Any CPU = Release|Any CPU
	EndGlobalSection
	GlobalSection(ProjectConfigurationPlatforms) = postSolution
		{4C31A71A-4A38-4345-600A-74C7735644BD}.Debug|Any CPU.ActiveCfg = Debug|Any CPU
		{4C31A71A-4A38-4345-600A-74C7735644BD}.Debug|Any CPU.Build.0 = Debug|Any CPU
		{4C31A71A-4A38-4345-600A-74C7735644BD}.Release|Any CPU.ActiveCfg = Release|Any CPU
		{4C31A71A-4A38-4345-600A-74C7735644BD}.Release|Any CPU.Build.0 = Release|Any CPU
	EndGlobalSection
	GlobalSection(SolutionProperties) = preSolution
		HideSolutionNode = FALSE
	EndGlobalSection
	GlobalSection(ExtensibilityGlobals) = postSolution
		SolutionGuid = {60F04496-06A6-44C5-89E6-0FE34BD5CA65}
	EndGlobalSection
EndGlobal
