Microsoft Visual Studio Solution File, Format Version 12.00
# Visual Studio Version 17
VisualStudioVersion = 17.5.2.0
MinimumVisualStudioVersion = 10.0.40219.1
Project("{FAE04EC0-301F-11D3-BF4B-00C04F79EFBC}") = "adv_oops", "adv_oops.csproj", "{C90BEAFE-2AC4-1355-5E7E-0288C454CFCA}"
EndProject
Global
	GlobalSection(SolutionConfigurationPlatforms) = preSolution
		Debug|Any CPU = Debug|Any CPU
		Release|Any CPU = Release|Any CPU
	EndGlobalSection
	GlobalSection(ProjectConfigurationPlatforms) = postSolution
		{C90BEAFE-2AC4-1355-5E7E-0288C454CFCA}.Debug|Any CPU.ActiveCfg = Debug|Any CPU
		{C90BEAFE-2AC4-1355-5E7E-0288C454CFCA}.Debug|Any CPU.Build.0 = Debug|Any CPU
		{C90BEAFE-2AC4-1355-5E7E-0288C454CFCA}.Release|Any CPU.ActiveCfg = Release|Any CPU
		{C90BEAFE-2AC4-1355-5E7E-0288C454CFCA}.Release|Any CPU.Build.0 = Release|Any CPU
	EndGlobalSection
	GlobalSection(SolutionProperties) = preSolution
		HideSolutionNode = FALSE
	EndGlobalSection
	GlobalSection(ExtensibilityGlobals) = postSolution
		SolutionGuid = {3A9404B9-CED0-4A84-B44D-D9E8770E33D3}
	EndGlobalSection
EndGlobal
