
Microsoft Visual Studio Solution File, Format Version 12.00
# Visual Studio Version 17
VisualStudioVersion = 17.14.36408.4 d17.14
MinimumVisualStudioVersion = 10.0.40219.1
Project("{FAE04EC0-301F-11D3-BF4B-00C04F79EFBC}") = "UnderstandingEfCoreApp", "UnderstandingEfCoreApp\UnderstandingEfCoreApp.csproj", "{CACF993E-8BF4-474B-ABD0-BB6136BC9AFC}"
EndProject
Global
	GlobalSection(SolutionConfigurationPlatforms) = preSolution
		Debug|Any CPU = Debug|Any CPU
		Release|Any CPU = Release|Any CPU
	EndGlobalSection
	GlobalSection(ProjectConfigurationPlatforms) = postSolution
		{CACF993E-8BF4-474B-ABD0-BB6136BC9AFC}.Debug|Any CPU.ActiveCfg = Debug|Any CPU
		{CACF993E-8BF4-474B-ABD0-BB6136BC9AFC}.Debug|Any CPU.Build.0 = Debug|Any CPU
		{CACF993E-8BF4-474B-ABD0-BB6136BC9AFC}.Release|Any CPU.ActiveCfg = Release|Any CPU
		{CACF993E-8BF4-474B-ABD0-BB6136BC9AFC}.Release|Any CPU.Build.0 = Release|Any CPU
	EndGlobalSection
	GlobalSection(SolutionProperties) = preSolution
		HideSolutionNode = FALSE
	EndGlobalSection
	GlobalSection(ExtensibilityGlobals) = postSolution
		SolutionGuid = {BD64B08E-7BA4-4612-80BB-3054052D0707}
	EndGlobalSection
EndGlobal
